{
  "name": "gazelle",
  "lockfileVersion": 3,
  "requires": true,
  "packages": {
    "": {
      "dependencies": {
        "starboard-wrap": "^0.4.1"
      }
    },
    "node_modules/@ungap/custom-elements": {
      "version": "0.1.15",
      "resolved": "https://registry.npmjs.org/@ungap/custom-elements/-/custom-elements-0.1.15.tgz",
      "integrity": "sha512-3MoJcrgrLWsVZIP9Jl1+82ZtXxi0BTmuBOZXDOti2Mu6/zjhVjOvCUscYkh9uGa9v/lg292imFgJ35Sd2nKF0A=="
    },
    "node_modules/starboard-wrap": {
      "version": "0.4.1",
      "resolved": "https://registry.npmjs.org/starboard-wrap/-/starboard-wrap-0.4.1.tgz",
      "integrity": "sha512-yVAR8jUbDJaEsu/BR00eYk14Jad/4wxzehNzD+inoE3xaM4n2pCJ4H4N4GwIkBXG+zAjiBupJ5gxhHMH+yXv8w==",
      "dependencies": {
        "@ungap/custom-elements": "^0.1.15"
      }
    }
  }
}
