# THIS IS AN AUTOGENERATED FILE. DO NOT EDIT THIS FILE DIRECTLY.
# yarn lockfile v1


"@types/codemirror@^5.60.4":
  version "5.60.5"
  resolved "https://registry.yarnpkg.com/@types/codemirror/-/codemirror-5.60.5.tgz#5b989a3b4bbe657458cf372c92b6bfda6061a2b7"
  integrity sha512-TiECZmm8St5YxjFUp64LK0c8WU5bxMDt9YaAek1UqUb9swrSCoJhh92fWu1p3mTEqlHjhB5sY7OFBhWroJXZVg==
  dependencies:
    "@types/tern" "*"

"@types/estree@*":
  version "1.0.0"
  resolved "https://registry.yarnpkg.com/@types/estree/-/estree-1.0.0.tgz#5fb2e536c1ae9bf35366eed879e827fa59ca41c2"
  integrity sha512-WulqXMDUTYAXCjZnk6JtIHPigp55cVtDgDrO2gHRwhyJto21+1zbVCtOYB2L1F9w4qCQ0rOGWBnBe0FNTiEJIQ==

"@types/marked@^4.0.7":
  version "4.0.8"
  resolved "https://registry.yarnpkg.com/@types/marked/-/marked-4.0.8.tgz#b316887ab3499d0a8f4c70b7bd8508f92d477955"
  integrity sha512-HVNzMT5QlWCOdeuBsgXP8EZzKUf0+AXzN+sLmjvaB3ZlLqO+e4u0uXrdw9ub69wBKFs+c6/pA4r9sy6cCDvImw==

"@types/tern@*":
  version "0.23.4"
  resolved "https://registry.yarnpkg.com/@types/tern/-/tern-0.23.4.tgz#03926eb13dbeaf3ae0d390caf706b2643a0127fb"
  integrity sha512-JAUw1iXGO1qaWwEOzxTKJZ/5JxVeON9kvGZ/osgZaJImBnyjyn0cjovPsf6FNLmyGY8Vw9DoXZCMlfMkMwHRWg==
  dependencies:
    "@types/estree" "*"

codemirror-spell-checker@1.1.2:
  version "1.1.2"
  resolved "https://registry.yarnpkg.com/codemirror-spell-checker/-/codemirror-spell-checker-1.1.2.tgz#1c660f9089483ccb5113b9ba9ca19c3f4993371e"
  integrity sha512-2Tl6n0v+GJRsC9K3MLCdLaMOmvWL0uukajNJseorZJsslaxZyZMgENocPU8R0DyoTAiKsyqiemSOZo7kjGV0LQ==
  dependencies:
    typo-js "*"

codemirror@^5.63.1:
  version "5.65.11"
  resolved "https://registry.yarnpkg.com/codemirror/-/codemirror-5.65.11.tgz#c818edc3274788c008f636520c5490a1f7009b4f"
  integrity sha512-Gp62g2eKSCHYt10axmGhKq3WoJSvVpvhXmowNq7pZdRVowwtvBR/hi2LSP5srtctKkRT33T6/n8Kv1UGp7JW4A==

easymde@^2.16.1:
  version "2.18.0"
  resolved "https://registry.yarnpkg.com/easymde/-/easymde-2.18.0.tgz#ff1397d07329b1a7b9187d2d0c20766fa16b3b1b"
  integrity sha512-IxVVUxNWIoXLeqtBU4BLc+eS/ScYhT1Dcb6yF5Wchoj1iXAV+TIIDWx+NCaZhY7RcSHqDPKllbYq7nwGKILnoA==
  dependencies:
    "@types/codemirror" "^5.60.4"
    "@types/marked" "^4.0.7"
    codemirror "^5.63.1"
    codemirror-spell-checker "1.1.2"
    marked "^4.1.0"

marked@^4.1.0:
  version "4.2.5"
  resolved "https://registry.yarnpkg.com/marked/-/marked-4.2.5.tgz#979813dfc1252cc123a79b71b095759a32f42a5d"
  integrity sha512-jPueVhumq7idETHkb203WDD4fMA3yV9emQ5vLwop58lu8bTclMghBWcYAavlDqIEMaisADinV1TooIFCfqOsYQ==

prettier@^2.8.1:
  version "2.8.1"
  resolved "https://registry.yarnpkg.com/prettier/-/prettier-2.8.1.tgz#4e1fd11c34e2421bc1da9aea9bd8127cd0a35efc"
  integrity sha512-lqGoSJBQNJidqCHE80vqZJHWHRFoNYsSpP9AjFhlhi9ODCJA541svILes/+/1GM3VaL/abZi7cpFzOpdR9UPKg==

typo-js@*:
  version "1.2.2"
  resolved "https://registry.yarnpkg.com/typo-js/-/typo-js-1.2.2.tgz#340484d81fe518e77c81a5a770162b14492f183b"
  integrity sha512-C7pYBQK17EjSg8tVNY91KHdUt5Nf6FMJ+c3js076quPmBML57PmNMzAcIq/2kf/hSYtFABNDIYNYlJRl5BJhGw==
